
Microsoft Visual Studio Solution File, Format Version 12.00
# Visual Studio Version 17
VisualStudioVersion = 17.4.33213.308
MinimumVisualStudioVersion = 10.0.40219.1
Project("{FAE04EC0-301F-11D3-BF4B-00C04F79EFBC}") = "D07", "D07\D07.csproj", "{2D4530B5-CB30-4DEE-B19A-DD0B87FEA707}"
EndProject
Global
	GlobalSection(SolutionConfigurationPlatforms) = preSolution
		Debug|Any CPU = Debug|Any CPU
		Release|Any CPU = Release|Any CPU
	EndGlobalSection
	GlobalSection(ProjectConfigurationPlatforms) = postSolution
		{2D4530B5-CB30-4DEE-B19A-DD0B87FEA707}.Debug|Any CPU.ActiveCfg = Debug|Any CPU
		{2D4530B5-CB30-4DEE-B19A-DD0B87FEA707}.Debug|Any CPU.Build.0 = Debug|Any CPU
		{2D4530B5-CB30-4DEE-B19A-DD0B87FEA707}.Release|Any CPU.ActiveCfg = Release|Any CPU
		{2D4530B5-CB30-4DEE-B19A-DD0B87FEA707}.Release|Any CPU.Build.0 = Release|Any CPU
	EndGlobalSection
	GlobalSection(SolutionProperties) = preSolution
		HideSolutionNode = FALSE
	EndGlobalSection
	GlobalSection(ExtensibilityGlobals) = postSolution
		SolutionGuid = {252ABCFA-8653-4E8C-AB56-4F0A9D536731}
	EndGlobalSection
EndGlobal
