
Microsoft Visual Studio Solution File, Format Version 12.00
# Visual Studio Version 17
VisualStudioVersion = 17.5.33502.453
MinimumVisualStudioVersion = 10.0.40219.1
Project("{FAE04EC0-301F-11D3-BF4B-00C04F79EFBC}") = "Task", "Task\Task.csproj", "{0DCB8EEE-7C74-45DD-82AF-16FBCC538717}"
EndProject
Global
	GlobalSection(SolutionConfigurationPlatforms) = preSolution
		Debug|Any CPU = Debug|Any CPU
		Release|Any CPU = Release|Any CPU
	EndGlobalSection
	GlobalSection(ProjectConfigurationPlatforms) = postSolution
		{0DCB8EEE-7C74-45DD-82AF-16FBCC538717}.Debug|Any CPU.ActiveCfg = Debug|Any CPU
		{0DCB8EEE-7C74-45DD-82AF-16FBCC538717}.Debug|Any CPU.Build.0 = Debug|Any CPU
		{0DCB8EEE-7C74-45DD-82AF-16FBCC538717}.Release|Any CPU.ActiveCfg = Release|Any CPU
		{0DCB8EEE-7C74-45DD-82AF-16FBCC538717}.Release|Any CPU.Build.0 = Release|Any CPU
	EndGlobalSection
	GlobalSection(SolutionProperties) = preSolution
		HideSolutionNode = FALSE
	EndGlobalSection
	GlobalSection(ExtensibilityGlobals) = postSolution
		SolutionGuid = {F5CA2648-1DA9-4727-8D22-DD12E6D08EA8}
	EndGlobalSection
EndGlobal
