
Microsoft Visual Studio Solution File, Format Version 12.00
# Visual Studio Version 17
VisualStudioVersion = 17.5.33414.496
MinimumVisualStudioVersion = 10.0.40219.1
Project("{FAE04EC0-301F-11D3-BF4B-00C04F79EFBC}") = "SwitchedBlazorServer_App", "SwitchedBlazorServer_App\SwitchedBlazorServer_App.csproj", "{0439CC83-2C20-4E4A-8A81-EF2AEB2CC894}"
EndProject
Project("{9A19103F-16F7-4668-BE54-9A1E7A4F7556}") = "MyWebAPI", "..\BlazorWebAssembly_43\MyWebAPI\MyWebAPI.csproj", "{2E0B9A1E-A6CC-48FB-AB6D-DF90C94BEBFD}"
EndProject
Project("{9A19103F-16F7-4668-BE54-9A1E7A4F7556}") = "SharedLibrary", "..\BlazorWebAssembly_43\SharedLibrary\SharedLibrary.csproj", "{138C768F-22D0-4FD1-AF11-7D0324E76F64}"
EndProject
Global
	GlobalSection(SolutionConfigurationPlatforms) = preSolution
		Debug|Any CPU = Debug|Any CPU
		Release|Any CPU = Release|Any CPU
	EndGlobalSection
	GlobalSection(ProjectConfigurationPlatforms) = postSolution
		{0439CC83-2C20-4E4A-8A81-EF2AEB2CC894}.Debug|Any CPU.ActiveCfg = Debug|Any CPU
		{0439CC83-2C20-4E4A-8A81-EF2AEB2CC894}.Debug|Any CPU.Build.0 = Debug|Any CPU
		{0439CC83-2C20-4E4A-8A81-EF2AEB2CC894}.Release|Any CPU.ActiveCfg = Release|Any CPU
		{0439CC83-2C20-4E4A-8A81-EF2AEB2CC894}.Release|Any CPU.Build.0 = Release|Any CPU
		{2E0B9A1E-A6CC-48FB-AB6D-DF90C94BEBFD}.Debug|Any CPU.ActiveCfg = Debug|Any CPU
		{2E0B9A1E-A6CC-48FB-AB6D-DF90C94BEBFD}.Debug|Any CPU.Build.0 = Debug|Any CPU
		{2E0B9A1E-A6CC-48FB-AB6D-DF90C94BEBFD}.Release|Any CPU.ActiveCfg = Release|Any CPU
		{2E0B9A1E-A6CC-48FB-AB6D-DF90C94BEBFD}.Release|Any CPU.Build.0 = Release|Any CPU
		{138C768F-22D0-4FD1-AF11-7D0324E76F64}.Debug|Any CPU.ActiveCfg = Debug|Any CPU
		{138C768F-22D0-4FD1-AF11-7D0324E76F64}.Debug|Any CPU.Build.0 = Debug|Any CPU
		{138C768F-22D0-4FD1-AF11-7D0324E76F64}.Release|Any CPU.ActiveCfg = Release|Any CPU
		{138C768F-22D0-4FD1-AF11-7D0324E76F64}.Release|Any CPU.Build.0 = Release|Any CPU
	EndGlobalSection
	GlobalSection(SolutionProperties) = preSolution
		HideSolutionNode = FALSE
	EndGlobalSection
	GlobalSection(ExtensibilityGlobals) = postSolution
		SolutionGuid = {EB85A74C-83F5-421E-A385-F6588F805503}
	EndGlobalSection
EndGlobal
