
Microsoft Visual Studio Solution File, Format Version 12.00
# Visual Studio Version 17
VisualStudioVersion = 17.5.33414.496
MinimumVisualStudioVersion = 10.0.40219.1
Project("{FAE04EC0-301F-11D3-BF4B-00C04F79EFBC}") = "RazorPagesDemo_43", "RazorPagesDemo_43\RazorPagesDemo_43.csproj", "{D877CF51-52CB-44EB-AEE2-814EE256CB5B}"
EndProject
Global
	GlobalSection(SolutionConfigurationPlatforms) = preSolution
		Debug|Any CPU = Debug|Any CPU
		Release|Any CPU = Release|Any CPU
	EndGlobalSection
	GlobalSection(ProjectConfigurationPlatforms) = postSolution
		{D877CF51-52CB-44EB-AEE2-814EE256CB5B}.Debug|Any CPU.ActiveCfg = Debug|Any CPU
		{D877CF51-52CB-44EB-AEE2-814EE256CB5B}.Debug|Any CPU.Build.0 = Debug|Any CPU
		{D877CF51-52CB-44EB-AEE2-814EE256CB5B}.Release|Any CPU.ActiveCfg = Release|Any CPU
		{D877CF51-52CB-44EB-AEE2-814EE256CB5B}.Release|Any CPU.Build.0 = Release|Any CPU
	EndGlobalSection
	GlobalSection(SolutionProperties) = preSolution
		HideSolutionNode = FALSE
	EndGlobalSection
	GlobalSection(ExtensibilityGlobals) = postSolution
		SolutionGuid = {52253463-F0E9-4568-858D-B48713FF2399}
	EndGlobalSection
EndGlobal
