
Microsoft Visual Studio Solution File, Format Version 12.00
# Visual Studio Version 17
VisualStudioVersion = 17.5.33414.496
MinimumVisualStudioVersion = 10.0.40219.1
Project("{FAE04EC0-301F-11D3-BF4B-00C04F79EFBC}") = "MVC_7_Identity_43", "MVC_7_Identity_43\MVC_7_Identity_43.csproj", "{B62A23F9-C590-4BE6-B7EC-3E1D1E69FDBA}"
EndProject
Global
	GlobalSection(SolutionConfigurationPlatforms) = preSolution
		Debug|Any CPU = Debug|Any CPU
		Release|Any CPU = Release|Any CPU
	EndGlobalSection
	GlobalSection(ProjectConfigurationPlatforms) = postSolution
		{B62A23F9-C590-4BE6-B7EC-3E1D1E69FDBA}.Debug|Any CPU.ActiveCfg = Debug|Any CPU
		{B62A23F9-C590-4BE6-B7EC-3E1D1E69FDBA}.Debug|Any CPU.Build.0 = Debug|Any CPU
		{B62A23F9-C590-4BE6-B7EC-3E1D1E69FDBA}.Release|Any CPU.ActiveCfg = Release|Any CPU
		{B62A23F9-C590-4BE6-B7EC-3E1D1E69FDBA}.Release|Any CPU.Build.0 = Release|Any CPU
	EndGlobalSection
	GlobalSection(SolutionProperties) = preSolution
		HideSolutionNode = FALSE
	EndGlobalSection
	GlobalSection(ExtensibilityGlobals) = postSolution
		SolutionGuid = {E11104A4-3176-452E-B959-B4F71C3D2691}
	EndGlobalSection
EndGlobal
