
Microsoft Visual Studio Solution File, Format Version 12.00
# Visual Studio Version 17
VisualStudioVersion = 17.5.33414.496
MinimumVisualStudioVersion = 10.0.40219.1
Project("{9A19103F-16F7-4668-BE54-9A1E7A4F7556}") = "BlazorWebAssembly_43", "BlazorWebAssembly_43\BlazorWebAssembly_43.csproj", "{090015C7-EA00-4144-B6EF-2D8114FD4D1A}"
EndProject
Project("{9A19103F-16F7-4668-BE54-9A1E7A4F7556}") = "SharedLibrary", "SharedLibrary\SharedLibrary.csproj", "{AF93FD2F-A688-4ABA-90F1-A14D2D1018B4}"
EndProject
Global
	GlobalSection(SolutionConfigurationPlatforms) = preSolution
		Debug|Any CPU = Debug|Any CPU
		Release|Any CPU = Release|Any CPU
	EndGlobalSection
	GlobalSection(ProjectConfigurationPlatforms) = postSolution
		{090015C7-EA00-4144-B6EF-2D8114FD4D1A}.Debug|Any CPU.ActiveCfg = Debug|Any CPU
		{090015C7-EA00-4144-B6EF-2D8114FD4D1A}.Debug|Any CPU.Build.0 = Debug|Any CPU
		{090015C7-EA00-4144-B6EF-2D8114FD4D1A}.Release|Any CPU.ActiveCfg = Release|Any CPU
		{090015C7-EA00-4144-B6EF-2D8114FD4D1A}.Release|Any CPU.Build.0 = Release|Any CPU
		{AF93FD2F-A688-4ABA-90F1-A14D2D1018B4}.Debug|Any CPU.ActiveCfg = Debug|Any CPU
		{AF93FD2F-A688-4ABA-90F1-A14D2D1018B4}.Debug|Any CPU.Build.0 = Debug|Any CPU
		{AF93FD2F-A688-4ABA-90F1-A14D2D1018B4}.Release|Any CPU.ActiveCfg = Release|Any CPU
		{AF93FD2F-A688-4ABA-90F1-A14D2D1018B4}.Release|Any CPU.Build.0 = Release|Any CPU
	EndGlobalSection
	GlobalSection(SolutionProperties) = preSolution
		HideSolutionNode = FALSE
	EndGlobalSection
	GlobalSection(ExtensibilityGlobals) = postSolution
		SolutionGuid = {3B7BD8B7-FF93-4B50-860E-C74AB1F69DC1}
	EndGlobalSection
EndGlobal
