
Microsoft Visual Studio Solution File, Format Version 12.00
# Visual Studio Version 17
VisualStudioVersion = 17.4.33403.182
MinimumVisualStudioVersion = 10.0.40219.1
Project("{FAE04EC0-301F-11D3-BF4B-00C04F79EFBC}") = "ADO_WinAPP", "ADO_WinAPP\ADO_WinAPP.csproj", "{24E82E4B-4BBD-4DFD-BDD8-865037C92382}"
EndProject
Global
	GlobalSection(SolutionConfigurationPlatforms) = preSolution
		Debug|Any CPU = Debug|Any CPU
		Release|Any CPU = Release|Any CPU
	EndGlobalSection
	GlobalSection(ProjectConfigurationPlatforms) = postSolution
		{24E82E4B-4BBD-4DFD-BDD8-865037C92382}.Debug|Any CPU.ActiveCfg = Debug|Any CPU
		{24E82E4B-4BBD-4DFD-BDD8-865037C92382}.Debug|Any CPU.Build.0 = Debug|Any CPU
		{24E82E4B-4BBD-4DFD-BDD8-865037C92382}.Release|Any CPU.ActiveCfg = Release|Any CPU
		{24E82E4B-4BBD-4DFD-BDD8-865037C92382}.Release|Any CPU.Build.0 = Release|Any CPU
	EndGlobalSection
	GlobalSection(SolutionProperties) = preSolution
		HideSolutionNode = FALSE
	EndGlobalSection
	GlobalSection(ExtensibilityGlobals) = postSolution
		SolutionGuid = {736419AD-7FE5-4024-8BE8-F49DE13F662F}
	EndGlobalSection
EndGlobal
