
Microsoft Visual Studio Solution File, Format Version 12.00
# Visual Studio Version 17
VisualStudioVersion = 17.4.33213.308
MinimumVisualStudioVersion = 10.0.40219.1
Project("{FAE04EC0-301F-11D3-BF4B-00C04F79EFBC}") = "D02", "D02\D02.csproj", "{9ABA93B2-24F8-4CA3-8770-500FEE2BF4A0}"
EndProject
Global
	GlobalSection(SolutionConfigurationPlatforms) = preSolution
		Debug|Any CPU = Debug|Any CPU
		Release|Any CPU = Release|Any CPU
	EndGlobalSection
	GlobalSection(ProjectConfigurationPlatforms) = postSolution
		{9ABA93B2-24F8-4CA3-8770-500FEE2BF4A0}.Debug|Any CPU.ActiveCfg = Debug|Any CPU
		{9ABA93B2-24F8-4CA3-8770-500FEE2BF4A0}.Debug|Any CPU.Build.0 = Debug|Any CPU
		{9ABA93B2-24F8-4CA3-8770-500FEE2BF4A0}.Release|Any CPU.ActiveCfg = Release|Any CPU
		{9ABA93B2-24F8-4CA3-8770-500FEE2BF4A0}.Release|Any CPU.Build.0 = Release|Any CPU
	EndGlobalSection
	GlobalSection(SolutionProperties) = preSolution
		HideSolutionNode = FALSE
	EndGlobalSection
	GlobalSection(ExtensibilityGlobals) = postSolution
		SolutionGuid = {F7572220-C41C-4D13-9EE2-3E89DD53A46D}
	EndGlobalSection
EndGlobal
