
Microsoft Visual Studio Solution File, Format Version 12.00
# Visual Studio Version 17
VisualStudioVersion = 17.5.33502.453
MinimumVisualStudioVersion = 10.0.40219.1
Project("{FAE04EC0-301F-11D3-BF4B-00C04F79EFBC}") = "Task", "Task\Task.csproj", "{B248D0CC-5E65-4371-964B-B37D3DFB6FF0}"
EndProject
Global
	GlobalSection(SolutionConfigurationPlatforms) = preSolution
		Debug|Any CPU = Debug|Any CPU
		Release|Any CPU = Release|Any CPU
	EndGlobalSection
	GlobalSection(ProjectConfigurationPlatforms) = postSolution
		{B248D0CC-5E65-4371-964B-B37D3DFB6FF0}.Debug|Any CPU.ActiveCfg = Debug|Any CPU
		{B248D0CC-5E65-4371-964B-B37D3DFB6FF0}.Debug|Any CPU.Build.0 = Debug|Any CPU
		{B248D0CC-5E65-4371-964B-B37D3DFB6FF0}.Release|Any CPU.ActiveCfg = Release|Any CPU
		{B248D0CC-5E65-4371-964B-B37D3DFB6FF0}.Release|Any CPU.Build.0 = Release|Any CPU
	EndGlobalSection
	GlobalSection(SolutionProperties) = preSolution
		HideSolutionNode = FALSE
	EndGlobalSection
	GlobalSection(ExtensibilityGlobals) = postSolution
		SolutionGuid = {10517978-EC33-48E9-9F3A-31FC0A50B49F}
	EndGlobalSection
EndGlobal
