
Microsoft Visual Studio Solution File, Format Version 12.00
# Visual Studio Version 17
VisualStudioVersion = 17.5.33414.496
MinimumVisualStudioVersion = 10.0.40219.1
Project("{FAE04EC0-301F-11D3-BF4B-00C04F79EFBC}") = "FinalDemo_43", "FinalDemo_43\FinalDemo_43.csproj", "{242641F5-C0CE-45F3-BE40-767D19BDAC01}"
EndProject
Global
	GlobalSection(SolutionConfigurationPlatforms) = preSolution
		Debug|Any CPU = Debug|Any CPU
		Release|Any CPU = Release|Any CPU
	EndGlobalSection
	GlobalSection(ProjectConfigurationPlatforms) = postSolution
		{242641F5-C0CE-45F3-BE40-767D19BDAC01}.Debug|Any CPU.ActiveCfg = Debug|Any CPU
		{242641F5-C0CE-45F3-BE40-767D19BDAC01}.Debug|Any CPU.Build.0 = Debug|Any CPU
		{242641F5-C0CE-45F3-BE40-767D19BDAC01}.Release|Any CPU.ActiveCfg = Release|Any CPU
		{242641F5-C0CE-45F3-BE40-767D19BDAC01}.Release|Any CPU.Build.0 = Release|Any CPU
	EndGlobalSection
	GlobalSection(SolutionProperties) = preSolution
		HideSolutionNode = FALSE
	EndGlobalSection
	GlobalSection(ExtensibilityGlobals) = postSolution
		SolutionGuid = {9A548148-AE9A-45BC-80A7-849CD8B91BF0}
	EndGlobalSection
EndGlobal
