
Microsoft Visual Studio Solution File, Format Version 12.00
# Visual Studio Version 17
VisualStudioVersion = 17.5.33502.453
MinimumVisualStudioVersion = 10.0.40219.1
Project("{FAE04EC0-301F-11D3-BF4B-00C04F79EFBC}") = "Day03", "Day03\Day03.csproj", "{E7EA6092-28C1-40BD-85E1-0EEE9C827F3D}"
EndProject
Global
	GlobalSection(SolutionConfigurationPlatforms) = preSolution
		Debug|Any CPU = Debug|Any CPU
		Release|Any CPU = Release|Any CPU
	EndGlobalSection
	GlobalSection(ProjectConfigurationPlatforms) = postSolution
		{E7EA6092-28C1-40BD-85E1-0EEE9C827F3D}.Debug|Any CPU.ActiveCfg = Debug|Any CPU
		{E7EA6092-28C1-40BD-85E1-0EEE9C827F3D}.Debug|Any CPU.Build.0 = Debug|Any CPU
		{E7EA6092-28C1-40BD-85E1-0EEE9C827F3D}.Release|Any CPU.ActiveCfg = Release|Any CPU
		{E7EA6092-28C1-40BD-85E1-0EEE9C827F3D}.Release|Any CPU.Build.0 = Release|Any CPU
	EndGlobalSection
	GlobalSection(SolutionProperties) = preSolution
		HideSolutionNode = FALSE
	EndGlobalSection
	GlobalSection(ExtensibilityGlobals) = postSolution
		SolutionGuid = {B6934BE9-C82C-4DC1-8929-4145F2886D8A}
	EndGlobalSection
EndGlobal
