
Microsoft Visual Studio Solution File, Format Version 12.00
# Visual Studio Version 17
VisualStudioVersion = 17.5.33414.496
MinimumVisualStudioVersion = 10.0.40219.1
Project("{FAE04EC0-301F-11D3-BF4B-00C04F79EFBC}") = "MVC_EF_43", "MVC_EF_43\MVC_EF_43.csproj", "{FDE0B724-C5AB-4603-83AE-370C2006949F}"
EndProject
Global
	GlobalSection(SolutionConfigurationPlatforms) = preSolution
		Debug|Any CPU = Debug|Any CPU
		Release|Any CPU = Release|Any CPU
	EndGlobalSection
	GlobalSection(ProjectConfigurationPlatforms) = postSolution
		{FDE0B724-C5AB-4603-83AE-370C2006949F}.Debug|Any CPU.ActiveCfg = Debug|Any CPU
		{FDE0B724-C5AB-4603-83AE-370C2006949F}.Debug|Any CPU.Build.0 = Debug|Any CPU
		{FDE0B724-C5AB-4603-83AE-370C2006949F}.Release|Any CPU.ActiveCfg = Release|Any CPU
		{FDE0B724-C5AB-4603-83AE-370C2006949F}.Release|Any CPU.Build.0 = Release|Any CPU
	EndGlobalSection
	GlobalSection(SolutionProperties) = preSolution
		HideSolutionNode = FALSE
	EndGlobalSection
	GlobalSection(ExtensibilityGlobals) = postSolution
		SolutionGuid = {FC0011C5-1DB3-40E1-BB0E-A89D98B93C6D}
	EndGlobalSection
EndGlobal
