
Microsoft Visual Studio Solution File, Format Version 12.00
# Visual Studio Version 17
VisualStudioVersion = 17.4.33213.308
MinimumVisualStudioVersion = 10.0.40219.1
Project("{FAE04EC0-301F-11D3-BF4B-00C04F79EFBC}") = "D11", "D11\D11.csproj", "{00D0E94B-1939-472E-B3A3-2D78BD9A61CC}"
EndProject
Global
	GlobalSection(SolutionConfigurationPlatforms) = preSolution
		Debug|Any CPU = Debug|Any CPU
		Release|Any CPU = Release|Any CPU
	EndGlobalSection
	GlobalSection(ProjectConfigurationPlatforms) = postSolution
		{00D0E94B-1939-472E-B3A3-2D78BD9A61CC}.Debug|Any CPU.ActiveCfg = Debug|Any CPU
		{00D0E94B-1939-472E-B3A3-2D78BD9A61CC}.Debug|Any CPU.Build.0 = Debug|Any CPU
		{00D0E94B-1939-472E-B3A3-2D78BD9A61CC}.Release|Any CPU.ActiveCfg = Release|Any CPU
		{00D0E94B-1939-472E-B3A3-2D78BD9A61CC}.Release|Any CPU.Build.0 = Release|Any CPU
	EndGlobalSection
	GlobalSection(SolutionProperties) = preSolution
		HideSolutionNode = FALSE
	EndGlobalSection
	GlobalSection(ExtensibilityGlobals) = postSolution
		SolutionGuid = {A81FD57D-6D6C-48C4-BEC5-A053A3D81590}
	EndGlobalSection
EndGlobal
