
Microsoft Visual Studio Solution File, Format Version 12.00
# Visual Studio Version 17
VisualStudioVersion = 17.5.33516.290
MinimumVisualStudioVersion = 10.0.40219.1
Project("{9A19103F-16F7-4668-BE54-9A1E7A4F7556}") = "APIs.Day1", "APIs.Day1\APIs.Day1.csproj", "{633D9739-E887-439D-B897-632DF60622D6}"
EndProject
Project("{FAE04EC0-301F-11D3-BF4B-00C04F79EFBC}") = "Trying", "Trying\Trying.csproj", "{3B3A19CC-9E8E-4BF3-94E9-53975D0A265B}"
EndProject
Global
	GlobalSection(SolutionConfigurationPlatforms) = preSolution
		Debug|Any CPU = Debug|Any CPU
		Release|Any CPU = Release|Any CPU
	EndGlobalSection
	GlobalSection(ProjectConfigurationPlatforms) = postSolution
		{633D9739-E887-439D-B897-632DF60622D6}.Debug|Any CPU.ActiveCfg = Debug|Any CPU
		{633D9739-E887-439D-B897-632DF60622D6}.Debug|Any CPU.Build.0 = Debug|Any CPU
		{633D9739-E887-439D-B897-632DF60622D6}.Release|Any CPU.ActiveCfg = Release|Any CPU
		{633D9739-E887-439D-B897-632DF60622D6}.Release|Any CPU.Build.0 = Release|Any CPU
		{3B3A19CC-9E8E-4BF3-94E9-53975D0A265B}.Debug|Any CPU.ActiveCfg = Debug|Any CPU
		{3B3A19CC-9E8E-4BF3-94E9-53975D0A265B}.Debug|Any CPU.Build.0 = Debug|Any CPU
		{3B3A19CC-9E8E-4BF3-94E9-53975D0A265B}.Release|Any CPU.ActiveCfg = Release|Any CPU
		{3B3A19CC-9E8E-4BF3-94E9-53975D0A265B}.Release|Any CPU.Build.0 = Release|Any CPU
	EndGlobalSection
	GlobalSection(SolutionProperties) = preSolution
		HideSolutionNode = FALSE
	EndGlobalSection
	GlobalSection(ExtensibilityGlobals) = postSolution
		SolutionGuid = {A6E8D085-0D32-449B-8A6B-DFEBEA0779DC}
	EndGlobalSection
EndGlobal
