
Microsoft Visual Studio Solution File, Format Version 12.00
# Visual Studio Version 17
VisualStudioVersion = 17.4.33403.182
MinimumVisualStudioVersion = 10.0.40219.1
Project("{FAE04EC0-301F-11D3-BF4B-00C04F79EFBC}") = "Strategy DP", "Strategy DP\Strategy DP.csproj", "{7E7AF991-0CAD-461E-84CD-4CC5EFBB0002}"
EndProject
Global
	GlobalSection(SolutionConfigurationPlatforms) = preSolution
		Debug|Any CPU = Debug|Any CPU
		Release|Any CPU = Release|Any CPU
	EndGlobalSection
	GlobalSection(ProjectConfigurationPlatforms) = postSolution
		{7E7AF991-0CAD-461E-84CD-4CC5EFBB0002}.Debug|Any CPU.ActiveCfg = Debug|Any CPU
		{7E7AF991-0CAD-461E-84CD-4CC5EFBB0002}.Debug|Any CPU.Build.0 = Debug|Any CPU
		{7E7AF991-0CAD-461E-84CD-4CC5EFBB0002}.Release|Any CPU.ActiveCfg = Release|Any CPU
		{7E7AF991-0CAD-461E-84CD-4CC5EFBB0002}.Release|Any CPU.Build.0 = Release|Any CPU
	EndGlobalSection
	GlobalSection(SolutionProperties) = preSolution
		HideSolutionNode = FALSE
	EndGlobalSection
	GlobalSection(ExtensibilityGlobals) = postSolution
		SolutionGuid = {0538A308-C266-4968-A212-D3A0F9DD374C}
	EndGlobalSection
EndGlobal
