
Microsoft Visual Studio Solution File, Format Version 12.00
# Visual Studio Version 17
VisualStudioVersion = 17.5.33414.496
MinimumVisualStudioVersion = 10.0.40219.1
Project("{FAE04EC0-301F-11D3-BF4B-00C04F79EFBC}") = "Day8_Core_43", "Day8_Core_43\Day8_Core_43.csproj", "{5C77CD7C-A45F-462A-9E36-ED7F0F5A44EC}"
EndProject
Global
	GlobalSection(SolutionConfigurationPlatforms) = preSolution
		Debug|Any CPU = Debug|Any CPU
		Release|Any CPU = Release|Any CPU
	EndGlobalSection
	GlobalSection(ProjectConfigurationPlatforms) = postSolution
		{5C77CD7C-A45F-462A-9E36-ED7F0F5A44EC}.Debug|Any CPU.ActiveCfg = Debug|Any CPU
		{5C77CD7C-A45F-462A-9E36-ED7F0F5A44EC}.Debug|Any CPU.Build.0 = Debug|Any CPU
		{5C77CD7C-A45F-462A-9E36-ED7F0F5A44EC}.Release|Any CPU.ActiveCfg = Release|Any CPU
		{5C77CD7C-A45F-462A-9E36-ED7F0F5A44EC}.Release|Any CPU.Build.0 = Release|Any CPU
	EndGlobalSection
	GlobalSection(SolutionProperties) = preSolution
		HideSolutionNode = FALSE
	EndGlobalSection
	GlobalSection(ExtensibilityGlobals) = postSolution
		SolutionGuid = {665409C9-E987-41C2-9D56-4037590FA963}
	EndGlobalSection
EndGlobal
