
Microsoft Visual Studio Solution File, Format Version 12.00
# Visual Studio Version 17
VisualStudioVersion = 17.4.33213.308
MinimumVisualStudioVersion = 10.0.40219.1
Project("{FAE04EC0-301F-11D3-BF4B-00C04F79EFBC}") = "Task", "Task\Task.csproj", "{ABE3B573-9C6D-4FD1-B07A-8950BF556478}"
EndProject
Global
	GlobalSection(SolutionConfigurationPlatforms) = preSolution
		Debug|Any CPU = Debug|Any CPU
		Release|Any CPU = Release|Any CPU
	EndGlobalSection
	GlobalSection(ProjectConfigurationPlatforms) = postSolution
		{ABE3B573-9C6D-4FD1-B07A-8950BF556478}.Debug|Any CPU.ActiveCfg = Debug|Any CPU
		{ABE3B573-9C6D-4FD1-B07A-8950BF556478}.Debug|Any CPU.Build.0 = Debug|Any CPU
		{ABE3B573-9C6D-4FD1-B07A-8950BF556478}.Release|Any CPU.ActiveCfg = Release|Any CPU
		{ABE3B573-9C6D-4FD1-B07A-8950BF556478}.Release|Any CPU.Build.0 = Release|Any CPU
	EndGlobalSection
	GlobalSection(SolutionProperties) = preSolution
		HideSolutionNode = FALSE
	EndGlobalSection
	GlobalSection(ExtensibilityGlobals) = postSolution
		SolutionGuid = {6ABC5959-6FEC-4FC6-B028-D6205F107D66}
	EndGlobalSection
EndGlobal
