
Microsoft Visual Studio Solution File, Format Version 12.00
# Visual Studio Version 17
VisualStudioVersion = 17.5.33502.453
MinimumVisualStudioVersion = 10.0.40219.1
Project("{FAE04EC0-301F-11D3-BF4B-00C04F79EFBC}") = "Frontend", "Frontend\Frontend.csproj", "{B818E82B-6F81-461C-8FC1-388B5A3E14E3}"
EndProject
Project("{FAE04EC0-301F-11D3-BF4B-00C04F79EFBC}") = "Backend", "Backend\Backend.csproj", "{2E8B7E46-0693-460C-8AF8-B1D58986313D}"
EndProject
Project("{FAE04EC0-301F-11D3-BF4B-00C04F79EFBC}") = "ClassLibrary", "ClassLibrary\ClassLibrary.csproj", "{9E5CF8F3-0EB6-4943-A4FF-D49726AA1C76}"
EndProject
Global
	GlobalSection(SolutionConfigurationPlatforms) = preSolution
		Debug|Any CPU = Debug|Any CPU
		Release|Any CPU = Release|Any CPU
	EndGlobalSection
	GlobalSection(ProjectConfigurationPlatforms) = postSolution
		{B818E82B-6F81-461C-8FC1-388B5A3E14E3}.Debug|Any CPU.ActiveCfg = Debug|Any CPU
		{B818E82B-6F81-461C-8FC1-388B5A3E14E3}.Debug|Any CPU.Build.0 = Debug|Any CPU
		{B818E82B-6F81-461C-8FC1-388B5A3E14E3}.Release|Any CPU.ActiveCfg = Release|Any CPU
		{B818E82B-6F81-461C-8FC1-388B5A3E14E3}.Release|Any CPU.Build.0 = Release|Any CPU
		{2E8B7E46-0693-460C-8AF8-B1D58986313D}.Debug|Any CPU.ActiveCfg = Debug|Any CPU
		{2E8B7E46-0693-460C-8AF8-B1D58986313D}.Debug|Any CPU.Build.0 = Debug|Any CPU
		{2E8B7E46-0693-460C-8AF8-B1D58986313D}.Release|Any CPU.ActiveCfg = Release|Any CPU
		{2E8B7E46-0693-460C-8AF8-B1D58986313D}.Release|Any CPU.Build.0 = Release|Any CPU
		{9E5CF8F3-0EB6-4943-A4FF-D49726AA1C76}.Debug|Any CPU.ActiveCfg = Debug|Any CPU
		{9E5CF8F3-0EB6-4943-A4FF-D49726AA1C76}.Debug|Any CPU.Build.0 = Debug|Any CPU
		{9E5CF8F3-0EB6-4943-A4FF-D49726AA1C76}.Release|Any CPU.ActiveCfg = Release|Any CPU
		{9E5CF8F3-0EB6-4943-A4FF-D49726AA1C76}.Release|Any CPU.Build.0 = Release|Any CPU
	EndGlobalSection
	GlobalSection(SolutionProperties) = preSolution
		HideSolutionNode = FALSE
	EndGlobalSection
	GlobalSection(ExtensibilityGlobals) = postSolution
		SolutionGuid = {C47ED1A9-F654-4912-96F5-BD7C8945A7A0}
	EndGlobalSection
EndGlobal
